
Microsoft Visual Studio Solution File, Format Version 12.00
# Visual Studio Version 17
VisualStudioVersion = 17.1.32407.343
MinimumVisualStudioVersion = 10.0.40219.1
Project("{2150E333-8FDC-42A3-9474-1A3956D46DE8}") = "src", "src", "{3D1F64F2-71E9-4B38-B0DE-23E779EF5FD2}"
EndProject
Project("{FAE04EC0-301F-11D3-BF4B-00C04F79EFBC}") = "BluetoothSample.Android", "src\BluetoothSample\BluetoothSample.Android\BluetoothSample.Android.csproj", "{089DEEC8-BDFC-4DEB-8812-A957458919EB}"
EndProject
Project("{FAE04EC0-301F-11D3-BF4B-00C04F79EFBC}") = "BluetoothSample.iOS", "src\BluetoothSample\BluetoothSample.iOS\BluetoothSample.iOS.csproj", "{3BFF8FAB-8835-46BD-AEFF-AFFEB920450A}"
EndProject
Project("{FAE04EC0-301F-11D3-BF4B-00C04F79EFBC}") = "BluetoothSample", "src\BluetoothSample\BluetoothSample\BluetoothSample.csproj", "{0D513575-1284-48A3-8292-7DAC01BBB0A6}"
EndProject
Global
	GlobalSection(SolutionConfigurationPlatforms) = preSolution
		Debug|Any CPU = Debug|Any CPU
		Debug|iPhone = Debug|iPhone
		Debug|iPhoneSimulator = Debug|iPhoneSimulator
		Release|Any CPU = Release|Any CPU
		Release|iPhone = Release|iPhone
		Release|iPhoneSimulator = Release|iPhoneSimulator
	EndGlobalSection
	GlobalSection(ProjectConfigurationPlatforms) = postSolution
		{089DEEC8-BDFC-4DEB-8812-A957458919EB}.Debug|Any CPU.ActiveCfg = Debug|Any CPU
		{089DEEC8-BDFC-4DEB-8812-A957458919EB}.Debug|Any CPU.Build.0 = Debug|Any CPU
		{089DEEC8-BDFC-4DEB-8812-A957458919EB}.Debug|Any CPU.Deploy.0 = Debug|Any CPU
		{089DEEC8-BDFC-4DEB-8812-A957458919EB}.Debug|iPhone.ActiveCfg = Debug|Any CPU
		{089DEEC8-BDFC-4DEB-8812-A957458919EB}.Debug|iPhone.Build.0 = Debug|Any CPU
		{089DEEC8-BDFC-4DEB-8812-A957458919EB}.Debug|iPhone.Deploy.0 = Debug|Any CPU
		{089DEEC8-BDFC-4DEB-8812-A957458919EB}.Debug|iPhoneSimulator.ActiveCfg = Debug|Any CPU
		{089DEEC8-BDFC-4DEB-8812-A957458919EB}.Debug|iPhoneSimulator.Build.0 = Debug|Any CPU
		{089DEEC8-BDFC-4DEB-8812-A957458919EB}.Debug|iPhoneSimulator.Deploy.0 = Debug|Any CPU
		{089DEEC8-BDFC-4DEB-8812-A957458919EB}.Release|Any CPU.ActiveCfg = Release|Any CPU
		{089DEEC8-BDFC-4DEB-8812-A957458919EB}.Release|Any CPU.Build.0 = Release|Any CPU
		{089DEEC8-BDFC-4DEB-8812-A957458919EB}.Release|Any CPU.Deploy.0 = Release|Any CPU
		{089DEEC8-BDFC-4DEB-8812-A957458919EB}.Release|iPhone.ActiveCfg = Release|Any CPU
		{089DEEC8-BDFC-4DEB-8812-A957458919EB}.Release|iPhone.Build.0 = Release|Any CPU
		{089DEEC8-BDFC-4DEB-8812-A957458919EB}.Release|iPhone.Deploy.0 = Release|Any CPU
		{089DEEC8-BDFC-4DEB-8812-A957458919EB}.Release|iPhoneSimulator.ActiveCfg = Release|Any CPU
		{089DEEC8-BDFC-4DEB-8812-A957458919EB}.Release|iPhoneSimulator.Build.0 = Release|Any CPU
		{089DEEC8-BDFC-4DEB-8812-A957458919EB}.Release|iPhoneSimulator.Deploy.0 = Release|Any CPU
		{3BFF8FAB-8835-46BD-AEFF-AFFEB920450A}.Debug|Any CPU.ActiveCfg = Debug|iPhoneSimulator
		{3BFF8FAB-8835-46BD-AEFF-AFFEB920450A}.Debug|Any CPU.Build.0 = Debug|iPhoneSimulator
		{3BFF8FAB-8835-46BD-AEFF-AFFEB920450A}.Debug|iPhone.ActiveCfg = Debug|iPhone
		{3BFF8FAB-8835-46BD-AEFF-AFFEB920450A}.Debug|iPhone.Build.0 = Debug|iPhone
		{3BFF8FAB-8835-46BD-AEFF-AFFEB920450A}.Debug|iPhoneSimulator.ActiveCfg = Debug|iPhoneSimulator
		{3BFF8FAB-8835-46BD-AEFF-AFFEB920450A}.Debug|iPhoneSimulator.Build.0 = Debug|iPhoneSimulator
		{3BFF8FAB-8835-46BD-AEFF-AFFEB920450A}.Release|Any CPU.ActiveCfg = Release|iPhoneSimulator
		{3BFF8FAB-8835-46BD-AEFF-AFFEB920450A}.Release|Any CPU.Build.0 = Release|iPhoneSimulator
		{3BFF8FAB-8835-46BD-AEFF-AFFEB920450A}.Release|iPhone.ActiveCfg = Release|iPhone
		{3BFF8FAB-8835-46BD-AEFF-AFFEB920450A}.Release|iPhone.Build.0 = Release|iPhone
		{3BFF8FAB-8835-46BD-AEFF-AFFEB920450A}.Release|iPhoneSimulator.ActiveCfg = Release|iPhoneSimulator
		{3BFF8FAB-8835-46BD-AEFF-AFFEB920450A}.Release|iPhoneSimulator.Build.0 = Release|iPhoneSimulator
		{0D513575-1284-48A3-8292-7DAC01BBB0A6}.Debug|Any CPU.ActiveCfg = Debug|Any CPU
		{0D513575-1284-48A3-8292-7DAC01BBB0A6}.Debug|Any CPU.Build.0 = Debug|Any CPU
		{0D513575-1284-48A3-8292-7DAC01BBB0A6}.Debug|iPhone.ActiveCfg = Debug|Any CPU
		{0D513575-1284-48A3-8292-7DAC01BBB0A6}.Debug|iPhone.Build.0 = Debug|Any CPU
		{0D513575-1284-48A3-8292-7DAC01BBB0A6}.Debug|iPhoneSimulator.ActiveCfg = Debug|Any CPU
		{0D513575-1284-48A3-8292-7DAC01BBB0A6}.Debug|iPhoneSimulator.Build.0 = Debug|Any CPU
		{0D513575-1284-48A3-8292-7DAC01BBB0A6}.Release|Any CPU.ActiveCfg = Release|Any CPU
		{0D513575-1284-48A3-8292-7DAC01BBB0A6}.Release|Any CPU.Build.0 = Release|Any CPU
		{0D513575-1284-48A3-8292-7DAC01BBB0A6}.Release|iPhone.ActiveCfg = Release|Any CPU
		{0D513575-1284-48A3-8292-7DAC01BBB0A6}.Release|iPhone.Build.0 = Release|Any CPU
		{0D513575-1284-48A3-8292-7DAC01BBB0A6}.Release|iPhoneSimulator.ActiveCfg = Release|Any CPU
		{0D513575-1284-48A3-8292-7DAC01BBB0A6}.Release|iPhoneSimulator.Build.0 = Release|Any CPU
	EndGlobalSection
	GlobalSection(SolutionProperties) = preSolution
		HideSolutionNode = FALSE
	EndGlobalSection
	GlobalSection(NestedProjects) = preSolution
		{089DEEC8-BDFC-4DEB-8812-A957458919EB} = {3D1F64F2-71E9-4B38-B0DE-23E779EF5FD2}
		{3BFF8FAB-8835-46BD-AEFF-AFFEB920450A} = {3D1F64F2-71E9-4B38-B0DE-23E779EF5FD2}
		{0D513575-1284-48A3-8292-7DAC01BBB0A6} = {3D1F64F2-71E9-4B38-B0DE-23E779EF5FD2}
	EndGlobalSection
	GlobalSection(ExtensibilityGlobals) = postSolution
		SolutionGuid = {02F79C99-52A6-42AB-95CC-A38A678D25AC}
	EndGlobalSection
EndGlobal
